// !$*UTF8*$!
{
	archiveVersion = 1;
	classes = {
	};
	objectVersion = 50;
	objects = {

/* Begin PBXBuildFile section */
		DA9BE06624839BF4005DABF4 /* AppDelegate.swift in Sources */ = {isa = PBXBuildFile; fileRef = DA9BE06524839BF4005DABF4 /* AppDelegate.swift */; };
		DA9BE06824839BF4005DABF4 /* SceneDelegate.swift in Sources */ = {isa = PBXBuildFile; fileRef = DA9BE06724839BF4005DABF4 /* SceneDelegate.swift */; };
		DA9BE06A24839BF4005DABF4 /* ViewController.swift in Sources */ = {isa = PBXBuildFile; fileRef = DA9BE06924839BF4005DABF4 /* ViewController.swift */; };
		DA9BE06D24839BF4005DABF4 /* Main.storyboard in Resources */ = {isa = PBXBuildFile; fileRef = DA9BE06B24839BF4005DABF4 /* Main.storyboard */; };
		DA9BE06F24839BF5005DABF4 /* Assets.xcassets in Resources */ = {isa = PBXBuildFile; fileRef = DA9BE06E24839BF5005DABF4 /* Assets.xcassets */; };
		DA9BE07224839BF5005DABF4 /* LaunchScreen.storyboard in Resources */ = {isa = PBXBuildFile; fileRef = DA9BE07024839BF5005DABF4 /* LaunchScreen.storyboard */; };
/* End PBXBuildFile section */

/* Begin PBXFileReference section */
		DA9BE06224839BF4005DABF4 /* DiscoverBeacon.app */ = {isa = PBXFileReference; explicitFileType = wrapper.application; includeInIndex = 0; path = DiscoverBeacon.app; sourceTree = BUILT_PRODUCTS_DIR; };
		DA9BE06524839BF4005DABF4 /* AppDelegate.swift */ = {isa = PBXFileReference; lastKnownFileType = sourcecode.swift; path = AppDelegate.swift; sourceTree = "<group>"; };
		DA9BE06724839BF4005DABF4 /* SceneDelegate.swift */ = {isa = PBXFileReference; lastKnownFileType = sourcecode.swift; path = SceneDelegate.swift; sourceTree = "<group>"; };
		DA9BE06924839BF4005DABF4 /* ViewController.swift */ = {isa = PBXFileReference; lastKnownFileType = sourcecode.swift; path = ViewController.swift; sourceTree = "<group>"; };
		DA9BE06C24839BF4005DABF4 /* Base */ = {isa = PBXFileReference; lastKnownFileType = file.storyboard; name = Base; path = Base.lproj/Main.storyboard; sourceTree = "<group>"; };
		DA9BE06E24839BF5005DABF4 /* Assets.xcassets */ = {isa = PBXFileReference; lastKnownFileType = folder.assetcatalog; path = Assets.xcassets; sourceTree = "<group>"; };
		DA9BE07124839BF5005DABF4 /* Base */ = {isa = PBXFileReference; lastKnownFileType = file.storyboard; name = Base; path = Base.lproj/LaunchScreen.storyboard; sourceTree = "<group>"; };
		DA9BE07324839BF5005DABF4 /* Info.plist */ = {isa = PBXFileReference; lastKnownFileType = text.plist.xml; path = Info.plist; sourceTree = "<group>"; };
/* End PBXFileReference section */

/* Begin PBXFrameworksBuildPhase section */
		DA9BE05F24839BF4005DABF4 /* Frameworks */ = {
			isa = PBXFrameworksBuildPhase;
			buildActionMask = 2147483647;
			files = (
			);
			runOnlyForDeploymentPostprocessing = 0;
		};
/* End PBXFrameworksBuildPhase section */

/* Begin PBXGroup section */
		DA9BE05924839BF4005DABF4 = {
			isa = PBXGroup;
			children = (
				DA9BE06424839BF4005DABF4 /* DiscoverBeacon */,
				DA9BE06324839BF4005DABF4 /* Products */,
			);
			sourceTree = "<group>";
		};
		DA9BE06324839BF4005DABF4 /* Products */ = {
			isa = PBXGroup;
			children = (
				DA9BE06224839BF4005DABF4 /* DiscoverBeacon.app */,
			);
			name = Products;
			sourceTree = "<group>";
		};
		DA9BE06424839BF4005DABF4 /* DiscoverBeacon */ = {
			isa = PBXGroup;
			children = (
				DA9BE06524839BF4005DABF4 /* AppDelegate.swift */,
				DA9BE06724839BF4005DABF4 /* SceneDelegate.swift */,
				DA9BE06924839BF4005DABF4 /* ViewController.swift */,
				DA9BE06B24839BF4005DABF4 /* Main.storyboard */,
				DA9BE06E24839BF5005DABF4 /* Assets.xcassets */,
				DA9BE07024839BF5005DABF4 /* LaunchScreen.storyboard */,
				DA9BE07324839BF5005DABF4 /* Info.plist */,
			);
			path = DiscoverBeacon;
			sourceTree = "<group>";
		};
/* End PBXGroup section */

/* Begin PBXNativeTarget section */
		DA9BE06124839BF4005DABF4 /* DiscoverBeacon */ = {
			isa = PBXNativeTarget;
			buildConfigurationList = DA9BE07624839BF5005DABF4 /* Build configuration list for PBXNativeTarget "DiscoverBeacon" */;
			buildPhases = (
				DA9BE05E24839BF4005DABF4 /* Sources */,
				DA9BE05F24839BF4005DABF4 /* Frameworks */,
				DA9BE06024839BF4005DABF4 /* Resources */,
			);
			buildRules = (
			);
			dependencies = (
			);
			name = DiscoverBeacon;
			productName = DiscoverBeacon;
			productReference = DA9BE06224839BF4005DABF4 /* DiscoverBeacon.app */;
			productType = "com.apple.product-type.application";
		};
/* End PBXNativeTarget section */

/* Begin PBXProject section */
		DA9BE05A24839BF4005DABF4 /* Project object */ = {
			isa = PBXProject;
			attributes = {
				LastSwiftUpdateCheck = 1140;
				LastUpgradeCheck = 1140;
				ORGANIZATIONNAME = nextrace;
				TargetAttributes = {
					DA9BE06124839BF4005DABF4 = {
						CreatedOnToolsVersion = 11.4.1;
					};
				};
			};
			buildConfigurationList = DA9BE05D24839BF4005DABF4 /* Build configuration list for PBXProject "DiscoverBeacon" */;
			compatibilityVersion = "Xcode 9.3";
			developmentRegion = en;
			hasScannedForEncodings = 0;
			knownRegions = (
				en,
				Base,
			);
			mainGroup = DA9BE05924839BF4005DABF4;
			productRefGroup = DA9BE06324839BF4005DABF4 /* Products */;
			projectDirPath = "";
			projectRoot = "";
			targets = (
				DA9BE06124839BF4005DABF4 /* DiscoverBeacon */,
			);
		};
/* End PBXProject section */

/* Begin PBXResourcesBuildPhase section */
		DA9BE06024839BF4005DABF4 /* Resources */ = {
			isa = PBXResourcesBuildPhase;
			buildActionMask = 2147483647;
			files = (
				DA9BE07224839BF5005DABF4 /* LaunchScreen.storyboard in Resources */,
				DA9BE06F24839BF5005DABF4 /* Assets.xcassets in Resources */,
				DA9BE06D24839BF4005DABF4 /* Main.storyboard in Resources */,
			);
			runOnlyForDeploymentPostprocessing = 0;
		};
/* End PBXResourcesBuildPhase section */

/* Begin PBXSourcesBuildPhase section */
		DA9BE05E24839BF4005DABF4 /* Sources */ = {
			isa = PBXSourcesBuildPhase;
			buildActionMask = 2147483647;
			files = (
				DA9BE06A24839BF4005DABF4 /* ViewController.swift in Sources */,
				DA9BE06624839BF4005DABF4 /* AppDelegate.swift in Sources */,
				DA9BE06824839BF4005DABF4 /* SceneDelegate.swift in Sources */,
			);
			runOnlyForDeploymentPostprocessing = 0;
		};
/* End PBXSourcesBuildPhase section */

/* Begin PBXVariantGroup section */
		DA9BE06B24839BF4005DABF4 /* Main.storyboard */ = {
			isa = PBXVariantGroup;
			children = (
				DA9BE06C24839BF4005DABF4 /* Base */,
			);
			name = Main.storyboard;
			sourceTree = "<group>";
		};
		DA9BE07024839BF5005DABF4 /* LaunchScreen.storyboard */ = {
			isa = PBXVariantGroup;
			children = (
				DA9BE07124839BF5005DABF4 /* Base */,
			);
			name = LaunchScreen.storyboard;
			sourceTree = "<group>";
		};
/* End PBXVariantGroup section */

/* Begin XCBuildConfiguration section */
		DA9BE07424839BF5005DABF4 /* Debug */ = {
			isa = XCBuildConfiguration;
			buildSettings = {
				ALWAYS_SEARCH_USER_PATHS = NO;
				CLANG_ANALYZER_NONNULL = YES;
				CLANG_ANALYZER_NUMBER_OBJECT_CONVERSION = YES_AGGRESSIVE;
				CLANG_CXX_LANGUAGE_STANDARD = "gnu++14";
				CLANG_CXX_LIBRARY = "libc++";
				CLANG_ENABLE_MODULES = YES;
				CLANG_ENABLE_OBJC_ARC = YES;
				CLANG_ENABLE_OBJC_WEAK = YES;
				CLANG_WARN_BLOCK_CAPTURE_AUTORELEASING = YES;
				CLANG_WARN_BOOL_CONVERSION = YES;
				CLANG_WARN_COMMA = YES;
				CLANG_WARN_CONSTANT_CONVERSION = YES;
				CLANG_WARN_DEPRECATED_OBJC_IMPLEMENTATIONS = YES;
				CLANG_WARN_DIRECT_OBJC_ISA_USAGE = YES_ERROR;
				CLANG_WARN_DOCUMENTATION_COMMENTS = YES;
				CLANG_WARN_EMPTY_BODY = YES;
				CLANG_WARN_ENUM_CONVERSION = YES;
				CLANG_WARN_INFINITE_RECURSION = YES;
				CLANG_WARN_INT_CONVERSION = YES;
				CLANG_WARN_NON_LITERAL_NULL_CONVERSION = YES;
				CLANG_WARN_OBJC_IMPLICIT_RETAIN_SELF = YES;
				CLANG_WARN_OBJC_LITERAL_CONVERSION = YES;
				CLANG_WARN_OBJC_ROOT_CLASS = YES_ERROR;
				CLANG_WARN_RANGE_LOOP_ANALYSIS = YES;
				CLANG_WARN_STRICT_PROTOTYPES = YES;
				CLANG_WARN_SUSPICIOUS_MOVE = YES;
				CLANG_WARN_UNGUARDED_AVAILABILITY = YES_AGGRESSIVE;
				CLANG_WARN_UNREACHABLE_CODE = YES;
				CLANG_WARN__DUPLICATE_METHOD_MATCH = YES;
				COPY_PHASE_STRIP = NO;
				DEBUG_INFORMATION_FORMAT = dwarf;
				ENABLE_STRICT_OBJC_MSGSEND = YES;
				ENABLE_TESTABILITY = YES;
				GCC_C_LANGUAGE_STANDARD = gnu11;
				GCC_DYNAMIC_NO_PIC = NO;
				GCC_NO_COMMON_BLOCKS = YES;
				GCC_OPTIMIZATION_LEVEL = 0;
				GCC_PREPROCESSOR_DEFINITIONS = (
					"DEBUG=1",
					"$(inherited)",
				);
				GCC_WARN_64_TO_32_BIT_CONVERSION = YES;
				GCC_WARN_ABOUT_RETURN_TYPE = YES_ERROR;
				GCC_WARN_UNDECLARED_SELECTOR = YES;
				GCC_WARN_UNINITIALIZED_AUTOS = YES_AGGRESSIVE;
				GCC_WARN_UNUSED_FUNCTION = YES;
				GCC_WARN_UNUSED_VARIABLE = YES;
				IPHONEOS_DEPLOYMENT_TARGET = 13.4;
				MTL_ENABLE_DEBUG_INFO = INCLUDE_SOURCE;
				MTL_FAST_MATH = YES;
				ONLY_ACTIVE_ARCH = YES;
				SDKROOT = iphoneos;
				SWIFT_ACTIVE_COMPILATION_CONDITIONS = DEBUG;
				SWIFT_OPTIMIZATION_LEVEL = "-Onone";
			};
			name = Debug;
		};
		DA9BE07524839BF5005DABF4 /* Release */ = {
			isa = XCBuildConfiguration;
			buildSettings = {
				ALWAYS_SEARCH_USER_PATHS = NO;
				CLANG_ANALYZER_NONNULL = YES;
				CLANG_ANALYZER_NUMBER_OBJECT_CONVERSION = YES_AGGRESSIVE;
				CLANG_CXX_LANGUAGE_STANDARD = "gnu++14";
				CLANG_CXX_LIBRARY = "libc++";
				CLANG_ENABLE_MODULES = YES;
				CLANG_ENABLE_OBJC_ARC = YES;
				CLANG_ENABLE_OBJC_WEAK = YES;
				CLANG_WARN_BLOCK_CAPTURE_AUTORELEASING = YES;
				CLANG_WARN_BOOL_CONVERSION = YES;
				CLANG_WARN_COMMA = YES;
				CLANG_WARN_CONSTANT_CONVERSION = YES;
				CLANG_WARN_DEPRECATED_OBJC_IMPLEMENTATIONS = YES;
				CLANG_WARN_DIRECT_OBJC_ISA_USAGE = YES_ERROR;
				CLANG_WARN_DOCUMENTATION_COMMENTS = YES;
				CLANG_WARN_EMPTY_BODY = YES;
				CLANG_WARN_ENUM_CONVERSION = YES;
				CLANG_WARN_INFINITE_RECURSION = YES;
				CLANG_WARN_INT_CONVERSION = YES;
				CLANG_WARN_NON_LITERAL_NULL_CONVERSION = YES;
				CLANG_WARN_OBJC_IMPLICIT_RETAIN_SELF = YES;
				CLANG_WARN_OBJC_LITERAL_CONVERSION = YES;
				CLANG_WARN_OBJC_ROOT_CLASS = YES_ERROR;
				CLANG_WARN_RANGE_LOOP_ANALYSIS = YES;
				CLANG_WARN_STRICT_PROTOTYPES = YES;
				CLANG_WARN_SUSPICIOUS_MOVE = YES;
				CLANG_WARN_UNGUARDED_AVAILABILITY = YES_AGGRESSIVE;
				CLANG_WARN_UNREACHABLE_CODE = YES;
				CLANG_WARN__DUPLICATE_METHOD_MATCH = YES;
				COPY_PHASE_STRIP = NO;
				DEBUG_INFORMATION_FORMAT = "dwarf-with-dsym";
				ENABLE_NS_ASSERTIONS = NO;
				ENABLE_STRICT_OBJC_MSGSEND = YES;
				GCC_C_LANGUAGE_STANDARD = gnu11;
				GCC_NO_COMMON_BLOCKS = YES;
				GCC_WARN_64_TO_32_BIT_CONVERSION = YES;
				GCC_WARN_ABOUT_RETURN_TYPE = YES_ERROR;
				GCC_WARN_UNDECLARED_SELECTOR = YES;
				GCC_WARN_UNINITIALIZED_AUTOS = YES_AGGRESSIVE;
				GCC_WARN_UNUSED_FUNCTION = YES;
				GCC_WARN_UNUSED_VARIABLE = YES;
				IPHONEOS_DEPLOYMENT_TARGET = 13.4;
				MTL_ENABLE_DEBUG_INFO = NO;
				MTL_FAST_MATH = YES;
				SDKROOT = iphoneos;
				SWIFT_COMPILATION_MODE = wholemodule;
				SWIFT_OPTIMIZATION_LEVEL = "-O";
				VALIDATE_PRODUCT = YES;
			};
			name = Release;
		};
		DA9BE07724839BF5005DABF4 /* Debug */ = {
			isa = XCBuildConfiguration;
			buildSettings = {
				ASSETCATALOG_COMPILER_APPICON_NAME = AppIcon;
				CODE_SIGN_STYLE = Automatic;
				DEVELOPMENT_TEAM = QAGW5T4DA2;
				INFOPLIST_FILE = DiscoverBeacon/Info.plist;
				LD_RUNPATH_SEARCH_PATHS = (
					"$(inherited)",
					"@executable_path/Frameworks",
				);
				PRODUCT_BUNDLE_IDENTIFIER = it.nextrace.DiscoverBeacon;
				PRODUCT_NAME = "$(TARGET_NAME)";
				SWIFT_VERSION = 5.0;
				TARGETED_DEVICE_FAMILY = "1,2";
			};
			name = Debug;
		};
		DA9BE07824839BF5005DABF4 /* Release */ = {
			isa = XCBuildConfiguration;
			buildSettings = {
				ASSETCATALOG_COMPILER_APPICON_NAME = AppIcon;
				CODE_SIGN_STYLE = Automatic;
				DEVELOPMENT_TEAM = QAGW5T4DA2;
				INFOPLIST_FILE = DiscoverBeacon/Info.plist;
				LD_RUNPATH_SEARCH_PATHS = (
					"$(inherited)",
					"@executable_path/Frameworks",
				);
				PRODUCT_BUNDLE_IDENTIFIER = it.nextrace.DiscoverBeacon;
				PRODUCT_NAME = "$(TARGET_NAME)";
				SWIFT_VERSION = 5.0;
				TARGETED_DEVICE_FAMILY = "1,2";
			};
			name = Release;
		};
/* End XCBuildConfiguration section */

/* Begin XCConfigurationList section */
		DA9BE05D24839BF4005DABF4 /* Build configuration list for PBXProject "DiscoverBeacon" */ = {
			isa = XCConfigurationList;
			buildConfigurations = (
				DA9BE07424839BF5005DABF4 /* Debug */,
				DA9BE07524839BF5005DABF4 /* Release */,
			);
			defaultConfigurationIsVisible = 0;
			defaultConfigurationName = Release;
		};
		DA9BE07624839BF5005DABF4 /* Build configuration list for PBXNativeTarget "DiscoverBeacon" */ = {
			isa = XCConfigurationList;
			buildConfigurations = (
				DA9BE07724839BF5005DABF4 /* Debug */,
				DA9BE07824839BF5005DABF4 /* Release */,
			);
			defaultConfigurationIsVisible = 0;
			defaultConfigurationName = Release;
		};
/* End XCConfigurationList section */
	};
	rootObject = DA9BE05A24839BF4005DABF4 /* Project object */;
}
